
Microsoft Visual Studio Solution File, Format Version 12.00
# Visual Studio Version 17
VisualStudioVersion = 17.10.35013.160
MinimumVisualStudioVersion = 10.0.40219.1
Project("{FAE04EC0-301F-11D3-BF4B-00C04F79EFBC}") = "XMLServerInformKazan", "XMLServerInformKazan\XMLServerInformKazan.csproj", "{259DC1C2-8A43-4ABB-B3F1-A7B330D5DF07}"
EndProject
Global
	GlobalSection(SolutionConfigurationPlatforms) = preSolution
		Debug|Any CPU = Debug|Any CPU
		Release|Any CPU = Release|Any CPU
	EndGlobalSection
	GlobalSection(ProjectConfigurationPlatforms) = postSolution
		{259DC1C2-8A43-4ABB-B3F1-A7B330D5DF07}.Debug|Any CPU.ActiveCfg = Debug|Any CPU
		{259DC1C2-8A43-4ABB-B3F1-A7B330D5DF07}.Debug|Any CPU.Build.0 = Debug|Any CPU
		{259DC1C2-8A43-4ABB-B3F1-A7B330D5DF07}.Release|Any CPU.ActiveCfg = Release|Any CPU
		{259DC1C2-8A43-4ABB-B3F1-A7B330D5DF07}.Release|Any CPU.Build.0 = Release|Any CPU
	EndGlobalSection
	GlobalSection(SolutionProperties) = preSolution
		HideSolutionNode = FALSE
	EndGlobalSection
	GlobalSection(ExtensibilityGlobals) = postSolution
		SolutionGuid = {79EA0BF5-B7A2-486B-94CF-94894611A93F}
	EndGlobalSection
EndGlobal
